{
    "_meta": {
        "hash": {
            "sha256": "914708f8a1fff63b0b36e60a0f4b1a00fe7b5e4c9297cbd47e221ca56087bc98"
        },
        "pipfile-spec": 6,
        "requires": {
            "python_version": "3.8"
        },
        "sources": [
            {
                "name": "pypi",
                "url": "https://pypi.org/simple",
                "verify_ssl": true
            }
        ]
    },
    "default": {
        "attrs": {
            "hashes": [
                "sha256:149e90d6d8ac20db7a955ad60cf0e6881a3f20d37096140088356da6c716b0b1",
                "sha256:ef6aaac3ca6cd92904cdd0d83f629a15f18053ec84e6432106f7a4d04ae4f5fb"
            ],
            "markers": "python_version >= '2.7' and python_version not in '3.0, 3.1, 3.2, 3.3, 3.4'",
            "version": "==21.2.0"
        },
        "aws-cdk.assets": {
            "hashes": [
                "sha256:b452fa3272ab7d79806e27ffd2d3aaea48aa7c75bcdd34647e8a2efb90df9f5e",
                "sha256:f773936f15515645ea59844486077430d80dec43b0bf3b745d61453d058c1d2c"
            ],
            "markers": "python_version >= '3.6'",
            "version": "==1.120.0"
        },
        "aws-cdk.aws-apigateway": {
            "hashes": [
                "sha256:304b76d6022b2620110e097e4143f191ebde7dbc145f3b330ddaa27a5fc9d73d",
                "sha256:7ff6b98c67bc122da50d45f370e6ca112ad430b41a7bd2f2fd7264dd18d2838f"
            ],
            "index": "pypi",
            "version": "==1.120.0"
        },
        "aws-cdk.aws-applicationautoscaling": {
            "hashes": [
                "sha256:89143ba1c95c5bd4487d3638ad6baada1fe0dd8b3ef63ade171049d2ceeb4116",
                "sha256:a7eb5bfb209fb1571438302c6ea427ee29558c75e92aca4264226de1a8b86b09"
            ],
            "markers": "python_version >= '3.6'",
            "version": "==1.120.0"
        },
        "aws-cdk.aws-autoscaling": {
            "hashes": [
                "sha256:56311053d7245485fe09a7e84eeb0e08fbb776830e38fbbf86e86bdd723ea09b",
                "sha256:9971fe6983d98bf924e7e0b56b0f8030bdf17e3793020aa25df5e6015d71de79"
            ],
            "markers": "python_version >= '3.6'",
            "version": "==1.120.0"
        },
        "aws-cdk.aws-autoscaling-common": {
            "hashes": [
                "sha256:0a765e239a8f83e9d9cffd5d1e7140c956c0a825c086ff6f46369727888c2b86",
                "sha256:c5f3db08e601beb65faa536a0aae1c56d77686dbadd994f60cc9a4cc83db5e12"
            ],
            "markers": "python_version >= '3.6'",
            "version": "==1.120.0"
        },
        "aws-cdk.aws-autoscaling-hooktargets": {
            "hashes": [
                "sha256:6d702f9ecde59949062fd6e21244a96a0b330190d82242be56a3302f8b1ec152",
                "sha256:b09b0064f4d21d737872bd4a8e38e2f8cc76b198e3aad75d967a48b85a7c75d5"
            ],
            "markers": "python_version >= '3.6'",
            "version": "==1.120.0"
        },
        "aws-cdk.aws-certificatemanager": {
            "hashes": [
                "sha256:8df736895b00a051d44d181abb28e751e8f4581e654385bb74d62ff0a5f94519",
                "sha256:f4b07f19c851628978e902078e7e9b0e6fec767e49f72bd71515c3d689a41492"
            ],
            "markers": "python_version >= '3.6'",
            "version": "==1.120.0"
        },
        "aws-cdk.aws-cloudformation": {
            "hashes": [
                "sha256:2dc00b5d3c1aea003fc73adbbfd13c62bebd28738cbcc77ac980666004b4fec1",
                "sha256:963d6d54983ae2a18cdb329d0d975a8111a70087d43003d4eb1ccf51c3871410"
            ],
            "markers": "python_version >= '3.6'",
            "version": "==1.120.0"
        },
        "aws-cdk.aws-cloudfront": {
            "hashes": [
                "sha256:6259760a2bbc757827a757c4a0b784f2863a9ee748a1f9b252969cd519347471",
                "sha256:e0e8746adf71fbd01b4106c80114620db251a52ed667bc54fafc5dcc60832211"
            ],
            "markers": "python_version >= '3.6'",
            "version": "==1.120.0"
        },
        "aws-cdk.aws-cloudwatch": {
            "hashes": [
                "sha256:9f731738085e45410cb219857262d7459f95f58050cf0d1624edd28c4d9634da",
                "sha256:c31a319536c9d1dd4f74022ea0193d46e551691fea80a986dbe5afd6c8a0787e"
            ],
            "markers": "python_version >= '3.6'",
            "version": "==1.120.0"
        },
        "aws-cdk.aws-codebuild": {
            "hashes": [
                "sha256:54e4aeda1f664cd2e3ea309a12c5a0841f0ba88469eae68bd872327e7c181874",
                "sha256:ad245adfa9ea330c5d9b6ef45ee67ae8be2821e87ab599ccaaa2ddcca4b4d401"
            ],
            "markers": "python_version >= '3.6'",
            "version": "==1.120.0"
        },
        "aws-cdk.aws-codecommit": {
            "hashes": [
                "sha256:d7d4aec5e5d912f49fa193ef3ad663938c94a0c3bd3f05251e141f53d29f72c3",
                "sha256:dae5c6be19f06a1ab651026b17023c7b9c89ac6b2ec58ca2b0d5badabe89908d"
            ],
            "markers": "python_version >= '3.6'",
            "version": "==1.120.0"
        },
        "aws-cdk.aws-codedeploy": {
            "hashes": [
                "sha256:094c826fae86a1d1fa496e33dc4d645193a50c700501669189d48b75e06881a2",
                "sha256:af547aac5a1476f0e65365f8bc8fcb2d3a60da12127b975ff19acc91ec738706"
            ],
            "markers": "python_version >= '3.6'",
            "version": "==1.120.0"
        },
        "aws-cdk.aws-codeguruprofiler": {
            "hashes": [
                "sha256:0d8c03eed6fbe76e1e38595ad6a823ac90caf2a33abb4bd1b4d2e51b90979346",
                "sha256:2a846fd70ca9e81f7b0bd321afbf1b5e650a75cf1495433b8c1914ca1edcbed0"
            ],
            "markers": "python_version >= '3.6'",
            "version": "==1.120.0"
        },
        "aws-cdk.aws-codepipeline": {
            "hashes": [
                "sha256:16babb170af94e05a7687ad671e4e27c125a54a3a083117a8bd4cb78c87b6584",
                "sha256:31b3d2b32cd3be062cabe8b267cdedae9cab25624d7b5cd87fd9bd07e031141b"
            ],
            "markers": "python_version >= '3.6'",
            "version": "==1.120.0"
        },
        "aws-cdk.aws-codepipeline-actions": {
            "hashes": [
                "sha256:8512de541f993379d75235d343153547ea66e1282b04af75ddc332bdf9c55130",
                "sha256:ed2c9889dc9341f561c7bc952aa17f52ca7613509608740ea5c8294e079f6af2"
            ],
            "markers": "python_version >= '3.6'",
            "version": "==1.120.0"
        },
        "aws-cdk.aws-codestarnotifications": {
            "hashes": [
                "sha256:5e3e84007150d11c01a898fb091194159f0822f02d23d72abfa15d4e07eb2d9f",
                "sha256:9a5512e4d7a0a7317d8ff414f8dd17b88e7a6097d9e86939d2067252c2a58cfc"
            ],
            "markers": "python_version >= '3.6'",
            "version": "==1.120.0"
        },
        "aws-cdk.aws-cognito": {
            "hashes": [
                "sha256:71b22daf069f8af53ec2b0ddd00c116e780d96fff79b35b7e7c91bd6777ca0ae",
                "sha256:cd0b81a47840e2f9d2bf58864b3ae9237f726967d13876a0e7bf87cc60d2038d"
            ],
            "index": "pypi",
            "version": "==1.120.0"
        },
        "aws-cdk.aws-ec2": {
            "hashes": [
                "sha256:1689af76865c9a35f8a77b5d5477a9e619560890feb004d0752bf71ff752dcca",
                "sha256:976341148e30363f582ca8804d3c705aa399e927755fa9e0427a6db46a095e62"
            ],
            "markers": "python_version >= '3.6'",
            "version": "==1.120.0"
        },
        "aws-cdk.aws-ecr": {
            "hashes": [
                "sha256:3c188491aa08ec07027d81a015c5a5f444250cd28e474bca897410129d162f5c",
                "sha256:fc3b3b79e238f0b4ab03ce357bca703803fde22fa1544a5b142a8aeb8bb74495"
            ],
            "markers": "python_version >= '3.6'",
            "version": "==1.120.0"
        },
        "aws-cdk.aws-ecr-assets": {
            "hashes": [
                "sha256:829532042cb647e3f729792e1fef862d598e40c49bdaf1f732897996ec472f5b",
                "sha256:f10af3eaf1d7bf0bb7365b4324da843d4acde1623720fa15f99f700e0ba29eba"
            ],
            "markers": "python_version >= '3.6'",
            "version": "==1.120.0"
        },
        "aws-cdk.aws-ecs": {
            "hashes": [
                "sha256:2e2de988784dc55ffe5b84d836fcf81727eceb7f7a45081067c52bb8b070f9aa",
                "sha256:c37213df83a6640e9d33cbe4f477208eda38a9dda62d4135e3b569c5f29e03dd"
            ],
            "markers": "python_version >= '3.6'",
            "version": "==1.120.0"
        },
        "aws-cdk.aws-efs": {
            "hashes": [
                "sha256:4586feafc701e2772f3fc2229490a1616a6925c724e8ffacef2ee5ba241e5c8b",
                "sha256:c29564c0dc6bb9aa79971e86f713da66c1c6e516ae1fe846d4469db0476c4ab3"
            ],
            "markers": "python_version >= '3.6'",
            "version": "==1.120.0"
        },
        "aws-cdk.aws-elasticloadbalancing": {
            "hashes": [
                "sha256:2d9c1d127ba3eb03f379b6c149105ce787e22901f9b9c37f434d0e9021cf6020",
                "sha256:a5261422f0b807f6b7c29ab6055eea24ceb491ffddc51bc8de0b4ff3309fa7b7"
            ],
            "markers": "python_version >= '3.6'",
            "version": "==1.120.0"
        },
        "aws-cdk.aws-elasticloadbalancingv2": {
            "hashes": [
                "sha256:4020d6bf8fad89434875c09a892db507a9d227020dafc1c4a6a823f27e826fe8",
                "sha256:8593a7f741e1ee7a4d768a00b2be296ff14f2e4f50e50da51ccf74d0049fc58f"
            ],
            "markers": "python_version >= '3.6'",
            "version": "==1.120.0"
        },
        "aws-cdk.aws-events": {
            "hashes": [
                "sha256:014e0984981ac9cff069b81036bd9a9c34ba1890d9628b579cf9c15d7b4891cd",
                "sha256:b18b12b1aadfef8231d263e5e9dc901c6618cf1a2bbe2cfcffaff7d9a4d2fca5"
            ],
            "markers": "python_version >= '3.6'",
            "version": "==1.120.0"
        },
        "aws-cdk.aws-events-targets": {
            "hashes": [
                "sha256:1c6383af8cd047fd4d66ce01ca011d5d4dc204732400b0b9d88f734d688caa3a",
                "sha256:e5d2c50079ea07fb681709148373c58b935641bcb4d2e2373e99909049c3f528"
            ],
            "markers": "python_version >= '3.6'",
            "version": "==1.120.0"
        },
        "aws-cdk.aws-globalaccelerator": {
            "hashes": [
                "sha256:22f9b4966f2ab7febb52d19d3135b682e39a0dbb1b417c36e85a97c1c776af07",
                "sha256:f85720f69850d10dab3f6e7c25118a8c92da1db36ad285bf729d43c72379f9f0"
            ],
            "markers": "python_version >= '3.6'",
            "version": "==1.120.0"
        },
        "aws-cdk.aws-iam": {
            "hashes": [
                "sha256:9dffde5cc459d31a3dc6d23321770dfd440dcca5e8a7e856d3e57fbc8256228e",
                "sha256:f0a828107beb8879e251d9ad5c3556aad29d66cc7ef6eaaa1c20323cede0b731"
            ],
            "markers": "python_version >= '3.6'",
            "version": "==1.120.0"
        },
        "aws-cdk.aws-kinesis": {
            "hashes": [
                "sha256:3dac4cda3de094e5d1f7c8ef4754eede522525ca38ec5cff3d5097d04152f5ee",
                "sha256:7fb4bffc10f07ebcf73edfbadf138b98a664fb71d1ea001dc5bf4a2610d79520"
            ],
            "markers": "python_version >= '3.6'",
            "version": "==1.120.0"
        },
        "aws-cdk.aws-kinesisfirehose": {
            "hashes": [
                "sha256:25c651f4ea3c46a711df4f346c7330c835135adcdb350dc8fd41ce3b8b17577d",
                "sha256:fc0d6bdb7666b02bdc89e4fc8b523cd1a2b309b9d21e5c03be25f6059cfc44d6"
            ],
            "markers": "python_version >= '3.6'",
            "version": "==1.120.0"
        },
        "aws-cdk.aws-kms": {
            "hashes": [
                "sha256:b06db78134b4dfe6762cc840d63eabe529d9864c48c65aebeb764e0e66552cef",
                "sha256:b9e9b3b97d9faa8c43ace5f5de5d687548052d44b9ca893c675b91b2822397c9"
            ],
            "markers": "python_version >= '3.6'",
            "version": "==1.120.0"
        },
        "aws-cdk.aws-lambda": {
            "hashes": [
                "sha256:0d4a8378fc32508fdcc8a6dce37946ad04d1a699f439e11873872d878a020e4a",
                "sha256:7c46d8cea07f35ce2cded9b1ef478ae07c340a1c0acccfacbf209c35c188cd2f"
            ],
            "index": "pypi",
            "version": "==1.120.0"
        },
        "aws-cdk.aws-lambda-python": {
            "hashes": [
                "sha256:c7a10b5f4dcc1df7a579934bf7d61fa142bbf581753269457da17b7cfa4f0553",
                "sha256:f1d2afbb33f31118f294a71bde33eaae6302660fda0cb48c98f96c3b3685e4d6"
            ],
            "index": "pypi",
            "version": "==1.120.0"
        },
        "aws-cdk.aws-logs": {
            "hashes": [
                "sha256:06728d0c9587f4f90675cd64fe30d619bbf44e201d6f05d541417f97311551c4",
                "sha256:0d4ddbd4f78d294a185d5f9a5b9af9dbea0218ce2f3b40c37d8184cf2b9d1870"
            ],
            "markers": "python_version >= '3.6'",
            "version": "==1.120.0"
        },
        "aws-cdk.aws-route53": {
            "hashes": [
                "sha256:42e726d1db5d51e4e6bfda77427b7ab3fd9da7782a1a90e36dc604337c5e94b1",
                "sha256:b54cc5e3cd47a15ab82aabf8be39af30fa9ab269e8fcf87a9dcc98f63f5734ba"
            ],
            "markers": "python_version >= '3.6'",
            "version": "==1.120.0"
        },
        "aws-cdk.aws-route53-targets": {
            "hashes": [
                "sha256:8d2987722c6190acb7aa36e9ae119da51ed9588033f357479a6b406206792cda",
                "sha256:f811b26276d43f5da04a931bd94ba61db7644bd87027c9860512e066a6990b0e"
            ],
            "markers": "python_version >= '3.6'",
            "version": "==1.120.0"
        },
        "aws-cdk.aws-s3": {
            "hashes": [
                "sha256:06cce4ccaeb202c18d61bb8ccacbe4c664afd1e0f944a9efafb2f121dc2d2412",
                "sha256:911b69faae004c9d55604a47b491c82c2a94600a1640c9a9ca3f6c18ca1fff43"
            ],
            "markers": "python_version >= '3.6'",
            "version": "==1.120.0"
        },
        "aws-cdk.aws-s3-assets": {
            "hashes": [
                "sha256:27fceadc94fe9d9d2c0cc650a5c2124ca0d37e8dc625edec91d41c7b4881c131",
                "sha256:8bb4009cb66fb4861934081a523f01896301a4340198c5fd8bae58176e6de527"
            ],
            "markers": "python_version >= '3.6'",
            "version": "==1.120.0"
        },
        "aws-cdk.aws-sam": {
            "hashes": [
                "sha256:7ad8c596c225a68043b77559910ef6fe7d116c7620eb49703f0e2fa038762465",
                "sha256:e8191e3a4a2cd42a15ea976618acc48005c3624d0b940f9b16b87bc66cd6c8cd"
            ],
            "markers": "python_version >= '3.6'",
            "version": "==1.120.0"
        },
        "aws-cdk.aws-secretsmanager": {
            "hashes": [
                "sha256:3315b3dcd823248a8b16350c9e395d1c56ffdc64b079a41777a9aae60cf8254e",
                "sha256:d544ce15114e3945a2d1000414dae62b13b7e4060b19e1225055c98910205394"
            ],
            "markers": "python_version >= '3.6'",
            "version": "==1.120.0"
        },
        "aws-cdk.aws-servicediscovery": {
            "hashes": [
                "sha256:1fb3972c05e7766c9269c6466fb2100b33fe1dd4ba2ce554c8bd0dae780d9d1b",
                "sha256:399224dbeb5c80521cfd2d87c346a5ebc9208c2e66a91a174cfda8c17195c89c"
            ],
            "markers": "python_version >= '3.6'",
            "version": "==1.120.0"
        },
        "aws-cdk.aws-signer": {
            "hashes": [
                "sha256:57405c720f467ad907f89839ece5c962b347347d823abfcffe9b9dfdfd765cdc",
                "sha256:b48cb553fe993eabe5d9ec1be88d18ba8d911688c15d4a803e23441c68833105"
            ],
            "markers": "python_version >= '3.6'",
            "version": "==1.120.0"
        },
        "aws-cdk.aws-sns": {
            "hashes": [
                "sha256:c1d96265043eaff03745b7cf55418cdbc8a37ec15fbc8e93992e838ed64b07c4",
                "sha256:fffb9cdb68c2ec10483965a8d375f60cbd9a88cced2a23dcb4098fa75282cb33"
            ],
            "markers": "python_version >= '3.6'",
            "version": "==1.120.0"
        },
        "aws-cdk.aws-sns-subscriptions": {
            "hashes": [
                "sha256:24f21fe72e3e51e5ccba58c5ec082acca96f189d87b93f9a2b52860cbb0c1d5c",
                "sha256:95ef6953645468db5d8e15ed778501769bf6443c4cac81cd20eb26728887c294"
            ],
            "markers": "python_version >= '3.6'",
            "version": "==1.120.0"
        },
        "aws-cdk.aws-sqs": {
            "hashes": [
                "sha256:4a28073a0976c20465321e5e1da6ba395121e082c0f14521b4b806f0c7d80bfc",
                "sha256:5687013ae61893b50ef4f36201b9784e483af34998640300115eae652f46ff9a"
            ],
            "markers": "python_version >= '3.6'",
            "version": "==1.120.0"
        },
        "aws-cdk.aws-ssm": {
            "hashes": [
                "sha256:65d94e7acca132bd5183ace0604f34aafae615e09f525c5e7e02b0b7a071b446",
                "sha256:6e54b3c9588789604300d3d1fb6dceb4383eec78c12f4db950cec342eb6da2fa"
            ],
            "markers": "python_version >= '3.6'",
            "version": "==1.120.0"
        },
        "aws-cdk.aws-stepfunctions": {
            "hashes": [
                "sha256:84ff524585892b45569b740727a5e89a662ef26b601e8458c673cd72e61d3667",
                "sha256:f76fbefa06b8d829e63cded6af3398f7786beb10fb50181f803e63a147629b3f"
            ],
            "markers": "python_version >= '3.6'",
            "version": "==1.120.0"
        },
        "aws-cdk.cloud-assembly-schema": {
            "hashes": [
                "sha256:0b9250197551d2fb886e9ab241866dcffcb017012412a57531d608068ed92f3d",
                "sha256:8d645d09c05541802edd6e838244f9920103686a1b3a92be309bad1942c96fdc"
            ],
            "markers": "python_version >= '3.6'",
            "version": "==1.120.0"
        },
        "aws-cdk.core": {
            "hashes": [
                "sha256:6bd35b91387fab932e777f5298f5b5bebbd0ec66b46af1f4c527cbbf4804bce4",
                "sha256:f58348a291acddffd3a7001575646b359fccfeb96a7b2c70e864105a6575b97c"
            ],
            "markers": "python_version >= '3.6'",
            "version": "==1.120.0"
        },
        "aws-cdk.custom-resources": {
            "hashes": [
                "sha256:047bbb521a181ea025d702b67623d1f27e1c2609682ebd93478892c33d3494c2",
                "sha256:6dbba35b670c712453c77817e5ca8428ebd7a3345d961214f530a1561b23e19c"
            ],
            "markers": "python_version >= '3.6'",
            "version": "==1.120.0"
        },
        "aws-cdk.cx-api": {
            "hashes": [
                "sha256:83549347aa96bf9b3ed9acf8fcc0006c5df05a541ec1f4afd7b577075e079d68",
                "sha256:8bf48ec4a9a5b122e4ac93326c3e05762e3544633c1ad21cf47feea1f9c69d1b"
            ],
            "markers": "python_version >= '3.6'",
            "version": "==1.120.0"
        },
        "aws-cdk.pipelines": {
            "hashes": [
                "sha256:7ba97aefe0a39604c90d9e0f9254dbd8cf290953ce6ecacc4048551ae43a9fbe",
                "sha256:972e00839d7abbbd7c10adcfd49af7eb8b82f53e617adfe1705256c292eea04f"
            ],
            "index": "pypi",
            "version": "==1.120.0"
        },
        "aws-cdk.region-info": {
            "hashes": [
                "sha256:5100aaec6e12e24eff8c3a72da941c2c389553cdbddce29869b4b63fbdfba01e",
                "sha256:59a7f2b61f6c4009d6a088724e9218ebcbfad373047f4cb2becdda665343da65"
            ],
            "markers": "python_version >= '3.6'",
            "version": "==1.120.0"
        },
        "cattrs": {
            "hashes": [
                "sha256:5c121ab06a7cac494813c228721a7feb5a6423b17316eeaebf13f5a03e5b0d53",
                "sha256:901fb2040529ae8fc9d93f48a2cdf7de3e983312ffb2a164ffa4e9847f253af1"
            ],
            "markers": "python_version >= '3.7'",
            "version": "==1.8.0"
        },
        "constructs": {
            "hashes": [
                "sha256:3705f47c095bdba6ad67578c5ab20a2b52954809caf788c5b7e17d33570e3739",
                "sha256:ff8f23f19813be378b4aa107cb060ecdf2a86b454bd7f036e32a0c2b88d88b35"
            ],
            "markers": "python_version >= '3.6'",
            "version": "==3.3.137"
        },
        "dynaconf": {
            "hashes": [
                "sha256:40979cc454d8533fada490dc0945a1dbf5ea96f95dc9113f8a3b3053670fd569",
                "sha256:98f0e5d861e945c1b06ed33844b9341e6412bc121c1a9ea88668df7891d8f308"
            ],
            "index": "pypi",
            "version": "==3.1.5"
        },
        "jsii": {
            "hashes": [
                "sha256:d0a703d0d44bf78bb90529699599d2a58a68ca764f996808e97eafc68e2467de",
                "sha256:e72ba5fafabdd5b6a3a65bd2cf42302eb87f2fe7c6339bddb808226a91623654"
            ],
            "markers": "python_version ~= '3.6'",
            "version": "==1.34.0"
        },
        "publication": {
            "hashes": [
                "sha256:0248885351febc11d8a1098d5c8e3ab2dabcf3e8c0c96db1e17ecd12b53afbe6",
                "sha256:68416a0de76dddcdd2930d1c8ef853a743cc96c82416c4e4d3b5d901c6276dc4"
            ],
            "version": "==0.0.3"
        },
        "pydantic": {
            "hashes": [
                "sha256:021ea0e4133e8c824775a0cfe098677acf6fa5a3cbf9206a376eed3fc09302cd",
                "sha256:05ddfd37c1720c392f4e0d43c484217b7521558302e7069ce8d318438d297739",
                "sha256:05ef5246a7ffd2ce12a619cbb29f3307b7c4509307b1b49f456657b43529dc6f",
                "sha256:10e5622224245941efc193ad1d159887872776df7a8fd592ed746aa25d071840",
                "sha256:18b5ea242dd3e62dbf89b2b0ec9ba6c7b5abaf6af85b95a97b00279f65845a23",
                "sha256:234a6c19f1c14e25e362cb05c68afb7f183eb931dd3cd4605eafff055ebbf287",
                "sha256:244ad78eeb388a43b0c927e74d3af78008e944074b7d0f4f696ddd5b2af43c62",
                "sha256:26464e57ccaafe72b7ad156fdaa4e9b9ef051f69e175dbbb463283000c05ab7b",
                "sha256:41b542c0b3c42dc17da70554bc6f38cbc30d7066d2c2815a94499b5684582ecb",
                "sha256:4a03cbbe743e9c7247ceae6f0d8898f7a64bb65800a45cbdc52d65e370570820",
                "sha256:4be75bebf676a5f0f87937c6ddb061fa39cbea067240d98e298508c1bda6f3f3",
                "sha256:54cd5121383f4a461ff7644c7ca20c0419d58052db70d8791eacbbe31528916b",
                "sha256:589eb6cd6361e8ac341db97602eb7f354551482368a37f4fd086c0733548308e",
                "sha256:8621559dcf5afacf0069ed194278f35c255dc1a1385c28b32dd6c110fd6531b3",
                "sha256:8b223557f9510cf0bfd8b01316bf6dd281cf41826607eada99662f5e4963f316",
                "sha256:99a9fc39470010c45c161a1dc584997f1feb13f689ecf645f59bb4ba623e586b",
                "sha256:a7c6002203fe2c5a1b5cbb141bb85060cbff88c2d78eccbc72d97eb7022c43e4",
                "sha256:a83db7205f60c6a86f2c44a61791d993dff4b73135df1973ecd9eed5ea0bda20",
                "sha256:ac8eed4ca3bd3aadc58a13c2aa93cd8a884bcf21cb019f8cfecaae3b6ce3746e",
                "sha256:e710876437bc07bd414ff453ac8ec63d219e7690128d925c6e82889d674bb505",
                "sha256:ea5cb40a3b23b3265f6325727ddfc45141b08ed665458be8c6285e7b85bd73a1",
                "sha256:fec866a0b59f372b7e776f2d7308511784dace622e0992a0b59ea3ccee0ae833"
            ],
            "index": "pypi",
            "version": "==1.8.2"
        },
        "python-dateutil": {
            "hashes": [
                "sha256:0123cacc1627ae19ddf3c27a5de5bd67ee4586fbdd6440d9748f8abb483d3e86",
                "sha256:961d03dc3453ebbc59dbdea9e4e11c5651520a876d0f4db161e8674aae935da9"
            ],
            "markers": "python_version >= '2.7' and python_version not in '3.0, 3.1, 3.2'",
            "version": "==2.8.2"
        },
        "six": {
            "hashes": [
                "sha256:1e61c37477a1626458e36f7b1d82aa5c9b094fa4802892072e49de9c60c4c926",
                "sha256:8abb2f1d86890a2dfb989f9a77cfcfd3e47c2a354b01111771326f8aa26e0254"
            ],
            "markers": "python_version >= '2.7' and python_version not in '3.0, 3.1, 3.2'",
            "version": "==1.16.0"
        },
        "typing-extensions": {
            "hashes": [
                "sha256:045dd532231acfa03628df5e0c66dba64e2cc8fc8b844538d4ad6d5dd6cb82dc",
                "sha256:83af6730a045fda60f46510f7f1f094776d90321caa4d97d20ef38871bef4bd3",
                "sha256:8bbffbd37fbeb9747a0241fdfde5ae99d4531ad1d1a41ccaea62100e15a5814c"
            ],
            "version": "==3.10.0.1"
        }
    },
    "develop": {}
}
